
Microsoft Visual Studio Solution File, Format Version 12.00
# Visual Studio Version 17
VisualStudioVersion = 17.7.33920.267
MinimumVisualStudioVersion = 10.0.40219.1
Project("{8BC9CEB8-8B4A-11D0-8D11-00A0C91BC942}") = "cppp", "cppp\cppp.vcxproj", "{6CB4BA9B-7984-4D3A-AB75-0C271D15A87C}"
EndProject
Project("{8BC9CEB8-8B4A-11D0-8D11-00A0C91BC942}") = "zstd_lib", "zstd_lib\zstd_lib.vcxproj", "{6CCEDA39-1B7F-4525-B662-7149F45F589E}"
EndProject
Global
	GlobalSection(SolutionConfigurationPlatforms) = preSolution
		Debug|x64 = Debug|x64
		Release|x64 = Release|x64
	EndGlobalSection
	GlobalSection(ProjectConfigurationPlatforms) = postSolution
		{6CB4BA9B-7984-4D3A-AB75-0C271D15A87C}.Debug|x64.ActiveCfg = Debug|x64
		{6CB4BA9B-7984-4D3A-AB75-0C271D15A87C}.Debug|x64.Build.0 = Debug|x64
		{6CB4BA9B-7984-4D3A-AB75-0C271D15A87C}.Release|x64.ActiveCfg = Release|x64
		{6CB4BA9B-7984-4D3A-AB75-0C271D15A87C}.Release|x64.Build.0 = Release|x64
		{6CCEDA39-1B7F-4525-B662-7149F45F589E}.Debug|x64.ActiveCfg = Debug|x64
		{6CCEDA39-1B7F-4525-B662-7149F45F589E}.Debug|x64.Build.0 = Debug|x64
		{6CCEDA39-1B7F-4525-B662-7149F45F589E}.Release|x64.ActiveCfg = Release|x64
		{6CCEDA39-1B7F-4525-B662-7149F45F589E}.Release|x64.Build.0 = Release|x64
	EndGlobalSection
	GlobalSection(SolutionProperties) = preSolution
		HideSolutionNode = FALSE
	EndGlobalSection
	GlobalSection(ExtensibilityGlobals) = postSolution
		SolutionGuid = {9E7584D3-B19C-4795-B26D-A46B0A72D616}
	EndGlobalSection
EndGlobal
